// !$*UTF8*$!
{
	archiveVersion = 1;
	classes = {
	};
	objectVersion = 50;
	objects = {

/* Begin PBXBuildFile section */
		E24B464823F18623003FDA84 /* EditCards.swift in Sources */ = {isa = PBXBuildFile; fileRef = E24B464723F18623003FDA84 /* EditCards.swift */; };
		E24DFB5723EF0B6E00389AE1 /* AppDelegate.swift in Sources */ = {isa = PBXBuildFile; fileRef = E24DFB5623EF0B6E00389AE1 /* AppDelegate.swift */; };
		E24DFB5923EF0B6E00389AE1 /* SceneDelegate.swift in Sources */ = {isa = PBXBuildFile; fileRef = E24DFB5823EF0B6E00389AE1 /* SceneDelegate.swift */; };
		E24DFB5C23EF0B6E00389AE1 /* FlashZilla.xcdatamodeld in Sources */ = {isa = PBXBuildFile; fileRef = E24DFB5A23EF0B6E00389AE1 /* FlashZilla.xcdatamodeld */; };
		E24DFB5E23EF0B6E00389AE1 /* ContentView.swift in Sources */ = {isa = PBXBuildFile; fileRef = E24DFB5D23EF0B6E00389AE1 /* ContentView.swift */; };
		E24DFB6023EF0B7200389AE1 /* Assets.xcassets in Resources */ = {isa = PBXBuildFile; fileRef = E24DFB5F23EF0B7200389AE1 /* Assets.xcassets */; };
		E24DFB6323EF0B7200389AE1 /* Preview Assets.xcassets in Resources */ = {isa = PBXBuildFile; fileRef = E24DFB6223EF0B7200389AE1 /* Preview Assets.xcassets */; };
		E24DFB6623EF0B7200389AE1 /* LaunchScreen.storyboard in Resources */ = {isa = PBXBuildFile; fileRef = E24DFB6423EF0B7200389AE1 /* LaunchScreen.storyboard */; };
		E24DFB6E23EF0B8800389AE1 /* Card.swift in Sources */ = {isa = PBXBuildFile; fileRef = E24DFB6D23EF0B8800389AE1 /* Card.swift */; };
		E24DFB7023EF0C5C00389AE1 /* CardView.swift in Sources */ = {isa = PBXBuildFile; fileRef = E24DFB6F23EF0C5C00389AE1 /* CardView.swift */; };
/* End PBXBuildFile section */

/* Begin PBXFileReference section */
		E24B464723F18623003FDA84 /* EditCards.swift */ = {isa = PBXFileReference; lastKnownFileType = sourcecode.swift; path = EditCards.swift; sourceTree = "<group>"; };
		E24DFB5323EF0B6E00389AE1 /* FlashZilla.app */ = {isa = PBXFileReference; explicitFileType = wrapper.application; includeInIndex = 0; path = FlashZilla.app; sourceTree = BUILT_PRODUCTS_DIR; };
		E24DFB5623EF0B6E00389AE1 /* AppDelegate.swift */ = {isa = PBXFileReference; lastKnownFileType = sourcecode.swift; path = AppDelegate.swift; sourceTree = "<group>"; };
		E24DFB5823EF0B6E00389AE1 /* SceneDelegate.swift */ = {isa = PBXFileReference; lastKnownFileType = sourcecode.swift; path = SceneDelegate.swift; sourceTree = "<group>"; };
		E24DFB5B23EF0B6E00389AE1 /* FlashZilla.xcdatamodel */ = {isa = PBXFileReference; lastKnownFileType = wrapper.xcdatamodel; path = FlashZilla.xcdatamodel; sourceTree = "<group>"; };
		E24DFB5D23EF0B6E00389AE1 /* ContentView.swift */ = {isa = PBXFileReference; lastKnownFileType = sourcecode.swift; path = ContentView.swift; sourceTree = "<group>"; };
		E24DFB5F23EF0B7200389AE1 /* Assets.xcassets */ = {isa = PBXFileReference; lastKnownFileType = folder.assetcatalog; path = Assets.xcassets; sourceTree = "<group>"; };
		E24DFB6223EF0B7200389AE1 /* Preview Assets.xcassets */ = {isa = PBXFileReference; lastKnownFileType = folder.assetcatalog; path = "Preview Assets.xcassets"; sourceTree = "<group>"; };
		E24DFB6523EF0B7200389AE1 /* Base */ = {isa = PBXFileReference; lastKnownFileType = file.storyboard; name = Base; path = Base.lproj/LaunchScreen.storyboard; sourceTree = "<group>"; };
		E24DFB6723EF0B7200389AE1 /* Info.plist */ = {isa = PBXFileReference; lastKnownFileType = text.plist.xml; path = Info.plist; sourceTree = "<group>"; };
		E24DFB6D23EF0B8800389AE1 /* Card.swift */ = {isa = PBXFileReference; lastKnownFileType = sourcecode.swift; path = Card.swift; sourceTree = "<group>"; };
		E24DFB6F23EF0C5C00389AE1 /* CardView.swift */ = {isa = PBXFileReference; lastKnownFileType = sourcecode.swift; path = CardView.swift; sourceTree = "<group>"; };
/* End PBXFileReference section */

/* Begin PBXFrameworksBuildPhase section */
		E24DFB5023EF0B6E00389AE1 /* Frameworks */ = {
			isa = PBXFrameworksBuildPhase;
			buildActionMask = 2147483647;
			files = (
			);
			runOnlyForDeploymentPostprocessing = 0;
		};
/* End PBXFrameworksBuildPhase section */

/* Begin PBXGroup section */
		E24DFB4A23EF0B6E00389AE1 = {
			isa = PBXGroup;
			children = (
				E24DFB5523EF0B6E00389AE1 /* FlashZilla */,
				E24DFB5423EF0B6E00389AE1 /* Products */,
			);
			sourceTree = "<group>";
		};
		E24DFB5423EF0B6E00389AE1 /* Products */ = {
			isa = PBXGroup;
			children = (
				E24DFB5323EF0B6E00389AE1 /* FlashZilla.app */,
			);
			name = Products;
			sourceTree = "<group>";
		};
		E24DFB5523EF0B6E00389AE1 /* FlashZilla */ = {
			isa = PBXGroup;
			children = (
				E24DFB5623EF0B6E00389AE1 /* AppDelegate.swift */,
				E24DFB5823EF0B6E00389AE1 /* SceneDelegate.swift */,
				E24DFB5D23EF0B6E00389AE1 /* ContentView.swift */,
				E24DFB5F23EF0B7200389AE1 /* Assets.xcassets */,
				E24DFB6423EF0B7200389AE1 /* LaunchScreen.storyboard */,
				E24DFB6723EF0B7200389AE1 /* Info.plist */,
				E24DFB5A23EF0B6E00389AE1 /* FlashZilla.xcdatamodeld */,
				E24DFB6123EF0B7200389AE1 /* Preview Content */,
				E24DFB6D23EF0B8800389AE1 /* Card.swift */,
				E24DFB6F23EF0C5C00389AE1 /* CardView.swift */,
				E24B464723F18623003FDA84 /* EditCards.swift */,
			);
			path = FlashZilla;
			sourceTree = "<group>";
		};
		E24DFB6123EF0B7200389AE1 /* Preview Content */ = {
			isa = PBXGroup;
			children = (
				E24DFB6223EF0B7200389AE1 /* Preview Assets.xcassets */,
			);
			path = "Preview Content";
			sourceTree = "<group>";
		};
/* End PBXGroup section */

/* Begin PBXNativeTarget section */
		E24DFB5223EF0B6E00389AE1 /* FlashZilla */ = {
			isa = PBXNativeTarget;
			buildConfigurationList = E24DFB6A23EF0B7200389AE1 /* Build configuration list for PBXNativeTarget "FlashZilla" */;
			buildPhases = (
				E24DFB4F23EF0B6E00389AE1 /* Sources */,
				E24DFB5023EF0B6E00389AE1 /* Frameworks */,
				E24DFB5123EF0B6E00389AE1 /* Resources */,
			);
			buildRules = (
			);
			dependencies = (
			);
			name = FlashZilla;
			productName = FlashZilla;
			productReference = E24DFB5323EF0B6E00389AE1 /* FlashZilla.app */;
			productType = "com.apple.product-type.application";
		};
/* End PBXNativeTarget section */

/* Begin PBXProject section */
		E24DFB4B23EF0B6E00389AE1 /* Project object */ = {
			isa = PBXProject;
			attributes = {
				LastSwiftUpdateCheck = 1130;
				LastUpgradeCheck = 1130;
				ORGANIZATIONNAME = "Jules Lee";
				TargetAttributes = {
					E24DFB5223EF0B6E00389AE1 = {
						CreatedOnToolsVersion = 11.3;
					};
				};
			};
			buildConfigurationList = E24DFB4E23EF0B6E00389AE1 /* Build configuration list for PBXProject "FlashZilla" */;
			compatibilityVersion = "Xcode 9.3";
			developmentRegion = en;
			hasScannedForEncodings = 0;
			knownRegions = (
				en,
				Base,
			);
			mainGroup = E24DFB4A23EF0B6E00389AE1;
			productRefGroup = E24DFB5423EF0B6E00389AE1 /* Products */;
			projectDirPath = "";
			projectRoot = "";
			targets = (
				E24DFB5223EF0B6E00389AE1 /* FlashZilla */,
			);
		};
/* End PBXProject section */

/* Begin PBXResourcesBuildPhase section */
		E24DFB5123EF0B6E00389AE1 /* Resources */ = {
			isa = PBXResourcesBuildPhase;
			buildActionMask = 2147483647;
			files = (
				E24DFB6623EF0B7200389AE1 /* LaunchScreen.storyboard in Resources */,
				E24DFB6323EF0B7200389AE1 /* Preview Assets.xcassets in Resources */,
				E24DFB6023EF0B7200389AE1 /* Assets.xcassets in Resources */,
			);
			runOnlyForDeploymentPostprocessing = 0;
		};
/* End PBXResourcesBuildPhase section */

/* Begin PBXSourcesBuildPhase section */
		E24DFB4F23EF0B6E00389AE1 /* Sources */ = {
			isa = PBXSourcesBuildPhase;
			buildActionMask = 2147483647;
			files = (
				E24DFB5723EF0B6E00389AE1 /* AppDelegate.swift in Sources */,
				E24DFB5923EF0B6E00389AE1 /* SceneDelegate.swift in Sources */,
				E24DFB6E23EF0B8800389AE1 /* Card.swift in Sources */,
				E24B464823F18623003FDA84 /* EditCards.swift in Sources */,
				E24DFB5E23EF0B6E00389AE1 /* ContentView.swift in Sources */,
				E24DFB7023EF0C5C00389AE1 /* CardView.swift in Sources */,
				E24DFB5C23EF0B6E00389AE1 /* FlashZilla.xcdatamodeld in Sources */,
			);
			runOnlyForDeploymentPostprocessing = 0;
		};
/* End PBXSourcesBuildPhase section */

/* Begin PBXVariantGroup section */
		E24DFB6423EF0B7200389AE1 /* LaunchScreen.storyboard */ = {
			isa = PBXVariantGroup;
			children = (
				E24DFB6523EF0B7200389AE1 /* Base */,
			);
			name = LaunchScreen.storyboard;
			sourceTree = "<group>";
		};
/* End PBXVariantGroup section */

/* Begin XCBuildConfiguration section */
		E24DFB6823EF0B7200389AE1 /* Debug */ = {
			isa = XCBuildConfiguration;
			buildSettings = {
				ALWAYS_SEARCH_USER_PATHS = NO;
				CLANG_ANALYZER_NONNULL = YES;
				CLANG_ANALYZER_NUMBER_OBJECT_CONVERSION = YES_AGGRESSIVE;
				CLANG_CXX_LANGUAGE_STANDARD = "gnu++14";
				CLANG_CXX_LIBRARY = "libc++";
				CLANG_ENABLE_MODULES = YES;
				CLANG_ENABLE_OBJC_ARC = YES;
				CLANG_ENABLE_OBJC_WEAK = YES;
				CLANG_WARN_BLOCK_CAPTURE_AUTORELEASING = YES;
				CLANG_WARN_BOOL_CONVERSION = YES;
				CLANG_WARN_COMMA = YES;
				CLANG_WARN_CONSTANT_CONVERSION = YES;
				CLANG_WARN_DEPRECATED_OBJC_IMPLEMENTATIONS = YES;
				CLANG_WARN_DIRECT_OBJC_ISA_USAGE = YES_ERROR;
				CLANG_WARN_DOCUMENTATION_COMMENTS = YES;
				CLANG_WARN_EMPTY_BODY = YES;
				CLANG_WARN_ENUM_CONVERSION = YES;
				CLANG_WARN_INFINITE_RECURSION = YES;
				CLANG_WARN_INT_CONVERSION = YES;
				CLANG_WARN_NON_LITERAL_NULL_CONVERSION = YES;
				CLANG_WARN_OBJC_IMPLICIT_RETAIN_SELF = YES;
				CLANG_WARN_OBJC_LITERAL_CONVERSION = YES;
				CLANG_WARN_OBJC_ROOT_CLASS = YES_ERROR;
				CLANG_WARN_RANGE_LOOP_ANALYSIS = YES;
				CLANG_WARN_STRICT_PROTOTYPES = YES;
				CLANG_WARN_SUSPICIOUS_MOVE = YES;
				CLANG_WARN_UNGUARDED_AVAILABILITY = YES_AGGRESSIVE;
				CLANG_WARN_UNREACHABLE_CODE = YES;
				CLANG_WARN__DUPLICATE_METHOD_MATCH = YES;
				COPY_PHASE_STRIP = NO;
				DEBUG_INFORMATION_FORMAT = dwarf;
				ENABLE_STRICT_OBJC_MSGSEND = YES;
				ENABLE_TESTABILITY = YES;
				GCC_C_LANGUAGE_STANDARD = gnu11;
				GCC_DYNAMIC_NO_PIC = NO;
				GCC_NO_COMMON_BLOCKS = YES;
				GCC_OPTIMIZATION_LEVEL = 0;
				GCC_PREPROCESSOR_DEFINITIONS = (
					"DEBUG=1",
					"$(inherited)",
				);
				GCC_WARN_64_TO_32_BIT_CONVERSION = YES;
				GCC_WARN_ABOUT_RETURN_TYPE = YES_ERROR;
				GCC_WARN_UNDECLARED_SELECTOR = YES;
				GCC_WARN_UNINITIALIZED_AUTOS = YES_AGGRESSIVE;
				GCC_WARN_UNUSED_FUNCTION = YES;
				GCC_WARN_UNUSED_VARIABLE = YES;
				IPHONEOS_DEPLOYMENT_TARGET = 13.2;
				MTL_ENABLE_DEBUG_INFO = INCLUDE_SOURCE;
				MTL_FAST_MATH = YES;
				ONLY_ACTIVE_ARCH = YES;
				SDKROOT = iphoneos;
				SWIFT_ACTIVE_COMPILATION_CONDITIONS = DEBUG;
				SWIFT_OPTIMIZATION_LEVEL = "-Onone";
			};
			name = Debug;
		};
		E24DFB6923EF0B7200389AE1 /* Release */ = {
			isa = XCBuildConfiguration;
			buildSettings = {
				ALWAYS_SEARCH_USER_PATHS = NO;
				CLANG_ANALYZER_NONNULL = YES;
				CLANG_ANALYZER_NUMBER_OBJECT_CONVERSION = YES_AGGRESSIVE;
				CLANG_CXX_LANGUAGE_STANDARD = "gnu++14";
				CLANG_CXX_LIBRARY = "libc++";
				CLANG_ENABLE_MODULES = YES;
				CLANG_ENABLE_OBJC_ARC = YES;
				CLANG_ENABLE_OBJC_WEAK = YES;
				CLANG_WARN_BLOCK_CAPTURE_AUTORELEASING = YES;
				CLANG_WARN_BOOL_CONVERSION = YES;
				CLANG_WARN_COMMA = YES;
				CLANG_WARN_CONSTANT_CONVERSION = YES;
				CLANG_WARN_DEPRECATED_OBJC_IMPLEMENTATIONS = YES;
				CLANG_WARN_DIRECT_OBJC_ISA_USAGE = YES_ERROR;
				CLANG_WARN_DOCUMENTATION_COMMENTS = YES;
				CLANG_WARN_EMPTY_BODY = YES;
				CLANG_WARN_ENUM_CONVERSION = YES;
				CLANG_WARN_INFINITE_RECURSION = YES;
				CLANG_WARN_INT_CONVERSION = YES;
				CLANG_WARN_NON_LITERAL_NULL_CONVERSION = YES;
				CLANG_WARN_OBJC_IMPLICIT_RETAIN_SELF = YES;
				CLANG_WARN_OBJC_LITERAL_CONVERSION = YES;
				CLANG_WARN_OBJC_ROOT_CLASS = YES_ERROR;
				CLANG_WARN_RANGE_LOOP_ANALYSIS = YES;
				CLANG_WARN_STRICT_PROTOTYPES = YES;
				CLANG_WARN_SUSPICIOUS_MOVE = YES;
				CLANG_WARN_UNGUARDED_AVAILABILITY = YES_AGGRESSIVE;
				CLANG_WARN_UNREACHABLE_CODE = YES;
				CLANG_WARN__DUPLICATE_METHOD_MATCH = YES;
				COPY_PHASE_STRIP = NO;
				DEBUG_INFORMATION_FORMAT = "dwarf-with-dsym";
				ENABLE_NS_ASSERTIONS = NO;
				ENABLE_STRICT_OBJC_MSGSEND = YES;
				GCC_C_LANGUAGE_STANDARD = gnu11;
				GCC_NO_COMMON_BLOCKS = YES;
				GCC_WARN_64_TO_32_BIT_CONVERSION = YES;
				GCC_WARN_ABOUT_RETURN_TYPE = YES_ERROR;
				GCC_WARN_UNDECLARED_SELECTOR = YES;
				GCC_WARN_UNINITIALIZED_AUTOS = YES_AGGRESSIVE;
				GCC_WARN_UNUSED_FUNCTION = YES;
				GCC_WARN_UNUSED_VARIABLE = YES;
				IPHONEOS_DEPLOYMENT_TARGET = 13.2;
				MTL_ENABLE_DEBUG_INFO = NO;
				MTL_FAST_MATH = YES;
				SDKROOT = iphoneos;
				SWIFT_COMPILATION_MODE = wholemodule;
				SWIFT_OPTIMIZATION_LEVEL = "-O";
				VALIDATE_PRODUCT = YES;
			};
			name = Release;
		};
		E24DFB6B23EF0B7200389AE1 /* Debug */ = {
			isa = XCBuildConfiguration;
			buildSettings = {
				ASSETCATALOG_COMPILER_APPICON_NAME = AppIcon;
				CODE_SIGN_STYLE = Automatic;
				DEVELOPMENT_ASSET_PATHS = "\"FlashZilla/Preview Content\"";
				DEVELOPMENT_TEAM = ZPFY37265E;
				ENABLE_PREVIEWS = YES;
				INFOPLIST_FILE = FlashZilla/Info.plist;
				LD_RUNPATH_SEARCH_PATHS = (
					"$(inherited)",
					"@executable_path/Frameworks",
				);
				PRODUCT_BUNDLE_IDENTIFIER = com.iosjunkie.FlashZilla;
				PRODUCT_NAME = "$(TARGET_NAME)";
				SWIFT_VERSION = 5.0;
				TARGETED_DEVICE_FAMILY = "1,2";
			};
			name = Debug;
		};
		E24DFB6C23EF0B7200389AE1 /* Release */ = {
			isa = XCBuildConfiguration;
			buildSettings = {
				ASSETCATALOG_COMPILER_APPICON_NAME = AppIcon;
				CODE_SIGN_STYLE = Automatic;
				DEVELOPMENT_ASSET_PATHS = "\"FlashZilla/Preview Content\"";
				DEVELOPMENT_TEAM = ZPFY37265E;
				ENABLE_PREVIEWS = YES;
				INFOPLIST_FILE = FlashZilla/Info.plist;
				LD_RUNPATH_SEARCH_PATHS = (
					"$(inherited)",
					"@executable_path/Frameworks",
				);
				PRODUCT_BUNDLE_IDENTIFIER = com.iosjunkie.FlashZilla;
				PRODUCT_NAME = "$(TARGET_NAME)";
				SWIFT_VERSION = 5.0;
				TARGETED_DEVICE_FAMILY = "1,2";
			};
			name = Release;
		};
/* End XCBuildConfiguration section */

/* Begin XCConfigurationList section */
		E24DFB4E23EF0B6E00389AE1 /* Build configuration list for PBXProject "FlashZilla" */ = {
			isa = XCConfigurationList;
			buildConfigurations = (
				E24DFB6823EF0B7200389AE1 /* Debug */,
				E24DFB6923EF0B7200389AE1 /* Release */,
			);
			defaultConfigurationIsVisible = 0;
			defaultConfigurationName = Release;
		};
		E24DFB6A23EF0B7200389AE1 /* Build configuration list for PBXNativeTarget "FlashZilla" */ = {
			isa = XCConfigurationList;
			buildConfigurations = (
				E24DFB6B23EF0B7200389AE1 /* Debug */,
				E24DFB6C23EF0B7200389AE1 /* Release */,
			);
			defaultConfigurationIsVisible = 0;
			defaultConfigurationName = Release;
		};
/* End XCConfigurationList section */

/* Begin XCVersionGroup section */
		E24DFB5A23EF0B6E00389AE1 /* FlashZilla.xcdatamodeld */ = {
			isa = XCVersionGroup;
			children = (
				E24DFB5B23EF0B6E00389AE1 /* FlashZilla.xcdatamodel */,
			);
			currentVersion = E24DFB5B23EF0B6E00389AE1 /* FlashZilla.xcdatamodel */;
			path = FlashZilla.xcdatamodeld;
			sourceTree = "<group>";
			versionGroupType = wrapper.xcdatamodel;
		};
/* End XCVersionGroup section */
	};
	rootObject = E24DFB4B23EF0B6E00389AE1 /* Project object */;
}
